// !$*UTF8*$!
{
	archiveVersion = 1;
	classes = {
	};
	objectVersion = 46;
	objects = {

/* Begin PBXBuildFile section */
		F102A9F11EE7617D00DEE1E8 /* AppDelegate.swift in Sources */ = {isa = PBXBuildFile; fileRef = F102A9F01EE7617D00DEE1E8 /* AppDelegate.swift */; };
		F102A9F31EE7617D00DEE1E8 /* ViewController.swift in Sources */ = {isa = PBXBuildFile; fileRef = F102A9F21EE7617D00DEE1E8 /* ViewController.swift */; };
		F102A9F61EE7617D00DEE1E8 /* Main.storyboard in Resources */ = {isa = PBXBuildFile; fileRef = F102A9F41EE7617D00DEE1E8 /* Main.storyboard */; };
		F102A9F81EE7617D00DEE1E8 /* Assets.xcassets in Resources */ = {isa = PBXBuildFile; fileRef = F102A9F71EE7617D00DEE1E8 /* Assets.xcassets */; };
		F102A9FB1EE7617D00DEE1E8 /* LaunchScreen.storyboard in Resources */ = {isa = PBXBuildFile; fileRef = F102A9F91EE7617D00DEE1E8 /* LaunchScreen.storyboard */; };
/* End PBXBuildFile section */

/* Begin PBXFileReference section */
		F102A9ED1EE7617D00DEE1E8 /* pace.app */ = {isa = PBXFileReference; explicitFileType = wrapper.application; includeInIndex = 0; path = pace.app; sourceTree = BUILT_PRODUCTS_DIR; };
		F102A9F01EE7617D00DEE1E8 /* AppDelegate.swift */ = {isa = PBXFileReference; lastKnownFileType = sourcecode.swift; path = AppDelegate.swift; sourceTree = "<group>"; };
		F102A9F21EE7617D00DEE1E8 /* ViewController.swift */ = {isa = PBXFileReference; lastKnownFileType = sourcecode.swift; path = ViewController.swift; sourceTree = "<group>"; };
		F102A9F51EE7617D00DEE1E8 /* Base */ = {isa = PBXFileReference; lastKnownFileType = file.storyboard; name = Base; path = Base.lproj/Main.storyboard; sourceTree = "<group>"; };
		F102A9F71EE7617D00DEE1E8 /* Assets.xcassets */ = {isa = PBXFileReference; lastKnownFileType = folder.assetcatalog; path = Assets.xcassets; sourceTree = "<group>"; };
		F102A9FA1EE7617D00DEE1E8 /* Base */ = {isa = PBXFileReference; lastKnownFileType = file.storyboard; name = Base; path = Base.lproj/LaunchScreen.storyboard; sourceTree = "<group>"; };
		F102A9FC1EE7617D00DEE1E8 /* Info.plist */ = {isa = PBXFileReference; lastKnownFileType = text.plist.xml; path = Info.plist; sourceTree = "<group>"; };
/* End PBXFileReference section */

/* Begin PBXFrameworksBuildPhase section */
		F102A9EA1EE7617D00DEE1E8 /* Frameworks */ = {
			isa = PBXFrameworksBuildPhase;
			buildActionMask = 2147483647;
			files = (
			);
			runOnlyForDeploymentPostprocessing = 0;
		};
/* End PBXFrameworksBuildPhase section */

/* Begin PBXGroup section */
		F102A9E41EE7617D00DEE1E8 = {
			isa = PBXGroup;
			children = (
				F102A9EF1EE7617D00DEE1E8 /* pace */,
				F102A9EE1EE7617D00DEE1E8 /* Products */,
			);
			sourceTree = "<group>";
		};
		F102A9EE1EE7617D00DEE1E8 /* Products */ = {
			isa = PBXGroup;
			children = (
				F102A9ED1EE7617D00DEE1E8 /* pace.app */,
			);
			name = Products;
			sourceTree = "<group>";
		};
		F102A9EF1EE7617D00DEE1E8 /* pace */ = {
			isa = PBXGroup;
			children = (
				F102A9F01EE7617D00DEE1E8 /* AppDelegate.swift */,
				F102A9F21EE7617D00DEE1E8 /* ViewController.swift */,
				F102A9F41EE7617D00DEE1E8 /* Main.storyboard */,
				F102A9F71EE7617D00DEE1E8 /* Assets.xcassets */,
				F102A9F91EE7617D00DEE1E8 /* LaunchScreen.storyboard */,
				F102A9FC1EE7617D00DEE1E8 /* Info.plist */,
			);
			path = pace;
			sourceTree = "<group>";
		};
/* End PBXGroup section */

/* Begin PBXNativeTarget section */
		F102A9EC1EE7617D00DEE1E8 /* pace */ = {
			isa = PBXNativeTarget;
			buildConfigurationList = F102A9FF1EE7617D00DEE1E8 /* Build configuration list for PBXNativeTarget "pace" */;
			buildPhases = (
				F102A9E91EE7617D00DEE1E8 /* Sources */,
				F102A9EA1EE7617D00DEE1E8 /* Frameworks */,
				F102A9EB1EE7617D00DEE1E8 /* Resources */,
			);
			buildRules = (
			);
			dependencies = (
			);
			name = pace;
			productName = pace;
			productReference = F102A9ED1EE7617D00DEE1E8 /* pace.app */;
			productType = "com.apple.product-type.application";
		};
/* End PBXNativeTarget section */

/* Begin PBXProject section */
		F102A9E51EE7617D00DEE1E8 /* Project object */ = {
			isa = PBXProject;
			attributes = {
				LastSwiftUpdateCheck = 0830;
				LastUpgradeCheck = 0830;
				ORGANIZATIONNAME = "Rudd Fawcett";
				TargetAttributes = {
					F102A9EC1EE7617D00DEE1E8 = {
						CreatedOnToolsVersion = 8.3.2;
						DevelopmentTeam = Y7HR8N6AJ8;
						ProvisioningStyle = Automatic;
					};
				};
			};
			buildConfigurationList = F102A9E81EE7617D00DEE1E8 /* Build configuration list for PBXProject "pace" */;
			compatibilityVersion = "Xcode 3.2";
			developmentRegion = English;
			hasScannedForEncodings = 0;
			knownRegions = (
				en,
				Base,
			);
			mainGroup = F102A9E41EE7617D00DEE1E8;
			productRefGroup = F102A9EE1EE7617D00DEE1E8 /* Products */;
			projectDirPath = "";
			projectRoot = "";
			targets = (
				F102A9EC1EE7617D00DEE1E8 /* pace */,
			);
		};
/* End PBXProject section */

/* Begin PBXResourcesBuildPhase section */
		F102A9EB1EE7617D00DEE1E8 /* Resources */ = {
			isa = PBXResourcesBuildPhase;
			buildActionMask = 2147483647;
			files = (
				F102A9FB1EE7617D00DEE1E8 /* LaunchScreen.storyboard in Resources */,
				F102A9F81EE7617D00DEE1E8 /* Assets.xcassets in Resources */,
				F102A9F61EE7617D00DEE1E8 /* Main.storyboard in Resources */,
			);
			runOnlyForDeploymentPostprocessing = 0;
		};
/* End PBXResourcesBuildPhase section */

/* Begin PBXSourcesBuildPhase section */
		F102A9E91EE7617D00DEE1E8 /* Sources */ = {
			isa = PBXSourcesBuildPhase;
			buildActionMask = 2147483647;
			files = (
				F102A9F31EE7617D00DEE1E8 /* ViewController.swift in Sources */,
				F102A9F11EE7617D00DEE1E8 /* AppDelegate.swift in Sources */,
			);
			runOnlyForDeploymentPostprocessing = 0;
		};
/* End PBXSourcesBuildPhase section */

/* Begin PBXVariantGroup section */
		F102A9F41EE7617D00DEE1E8 /* Main.storyboard */ = {
			isa = PBXVariantGroup;
			children = (
				F102A9F51EE7617D00DEE1E8 /* Base */,
			);
			name = Main.storyboard;
			sourceTree = "<group>";
		};
		F102A9F91EE7617D00DEE1E8 /* LaunchScreen.storyboard */ = {
			isa = PBXVariantGroup;
			children = (
				F102A9FA1EE7617D00DEE1E8 /* Base */,
			);
			name = LaunchScreen.storyboard;
			sourceTree = "<group>";
		};
/* End PBXVariantGroup section */

/* Begin XCBuildConfiguration section */
		F102A9FD1EE7617D00DEE1E8 /* Debug */ = {
			isa = XCBuildConfiguration;
			buildSettings = {
				ALWAYS_SEARCH_USER_PATHS = NO;
				CLANG_ANALYZER_NONNULL = YES;
				CLANG_ANALYZER_NUMBER_OBJECT_CONVERSION = YES_AGGRESSIVE;
				CLANG_CXX_LANGUAGE_STANDARD = "gnu++0x";
				CLANG_CXX_LIBRARY = "libc++";
				CLANG_ENABLE_MODULES = YES;
				CLANG_ENABLE_OBJC_ARC = YES;
				CLANG_WARN_BOOL_CONVERSION = YES;
				CLANG_WARN_CONSTANT_CONVERSION = YES;
				CLANG_WARN_DIRECT_OBJC_ISA_USAGE = YES_ERROR;
				CLANG_WARN_DOCUMENTATION_COMMENTS = YES;
				CLANG_WARN_EMPTY_BODY = YES;
				CLANG_WARN_ENUM_CONVERSION = YES;
				CLANG_WARN_INFINITE_RECURSION = YES;
				CLANG_WARN_INT_CONVERSION = YES;
				CLANG_WARN_OBJC_ROOT_CLASS = YES_ERROR;
				CLANG_WARN_SUSPICIOUS_MOVE = YES;
				CLANG_WARN_UNREACHABLE_CODE = YES;
				CLANG_WARN__DUPLICATE_METHOD_MATCH = YES;
				"CODE_SIGN_IDENTITY[sdk=iphoneos*]" = "iPhone Developer";
				COPY_PHASE_STRIP = NO;
				DEBUG_INFORMATION_FORMAT = dwarf;
				ENABLE_STRICT_OBJC_MSGSEND = YES;
				ENABLE_TESTABILITY = YES;
				GCC_C_LANGUAGE_STANDARD = gnu99;
				GCC_DYNAMIC_NO_PIC = NO;
				GCC_NO_COMMON_BLOCKS = YES;
				GCC_OPTIMIZATION_LEVEL = 0;
				GCC_PREPROCESSOR_DEFINITIONS = (
					"DEBUG=1",
					"$(inherited)",
				);
				GCC_WARN_64_TO_32_BIT_CONVERSION = YES;
				GCC_WARN_ABOUT_RETURN_TYPE = YES_ERROR;
				GCC_WARN_UNDECLARED_SELECTOR = YES;
				GCC_WARN_UNINITIALIZED_AUTOS = YES_AGGRESSIVE;
				GCC_WARN_UNUSED_FUNCTION = YES;
				GCC_WARN_UNUSED_VARIABLE = YES;
				IPHONEOS_DEPLOYMENT_TARGET = 10.3;
				MTL_ENABLE_DEBUG_INFO = YES;
				ONLY_ACTIVE_ARCH = YES;
				SDKROOT = iphoneos;
				SWIFT_ACTIVE_COMPILATION_CONDITIONS = DEBUG;
				SWIFT_OPTIMIZATION_LEVEL = "-Onone";
			};
			name = Debug;
		};
		F102A9FE1EE7617D00DEE1E8 /* Release */ = {
			isa = XCBuildConfiguration;
			buildSettings = {
				ALWAYS_SEARCH_USER_PATHS = NO;
				CLANG_ANALYZER_NONNULL = YES;
				CLANG_ANALYZER_NUMBER_OBJECT_CONVERSION = YES_AGGRESSIVE;
				CLANG_CXX_LANGUAGE_STANDARD = "gnu++0x";
				CLANG_CXX_LIBRARY = "libc++";
				CLANG_ENABLE_MODULES = YES;
				CLANG_ENABLE_OBJC_ARC = YES;
				CLANG_WARN_BOOL_CONVERSION = YES;
				CLANG_WARN_CONSTANT_CONVERSION = YES;
				CLANG_WARN_DIRECT_OBJC_ISA_USAGE = YES_ERROR;
				CLANG_WARN_DOCUMENTATION_COMMENTS = YES;
				CLANG_WARN_EMPTY_BODY = YES;
				CLANG_WARN_ENUM_CONVERSION = YES;
				CLANG_WARN_INFINITE_RECURSION = YES;
				CLANG_WARN_INT_CONVERSION = YES;
				CLANG_WARN_OBJC_ROOT_CLASS = YES_ERROR;
				CLANG_WARN_SUSPICIOUS_MOVE = YES;
				CLANG_WARN_UNREACHABLE_CODE = YES;
				CLANG_WARN__DUPLICATE_METHOD_MATCH = YES;
				"CODE_SIGN_IDENTITY[sdk=iphoneos*]" = "iPhone Developer";
				COPY_PHASE_STRIP = NO;
				DEBUG_INFORMATION_FORMAT = "dwarf-with-dsym";
				ENABLE_NS_ASSERTIONS = NO;
				ENABLE_STRICT_OBJC_MSGSEND = YES;
				GCC_C_LANGUAGE_STANDARD = gnu99;
				GCC_NO_COMMON_BLOCKS = YES;
				GCC_WARN_64_TO_32_BIT_CONVERSION = YES;
				GCC_WARN_ABOUT_RETURN_TYPE = YES_ERROR;
				GCC_WARN_UNDECLARED_SELECTOR = YES;
				GCC_WARN_UNINITIALIZED_AUTOS = YES_AGGRESSIVE;
				GCC_WARN_UNUSED_FUNCTION = YES;
				GCC_WARN_UNUSED_VARIABLE = YES;
				IPHONEOS_DEPLOYMENT_TARGET = 10.3;
				MTL_ENABLE_DEBUG_INFO = NO;
				SDKROOT = iphoneos;
				SWIFT_OPTIMIZATION_LEVEL = "-Owholemodule";
				VALIDATE_PRODUCT = YES;
			};
			name = Release;
		};
		F102AA001EE7617D00DEE1E8 /* Debug */ = {
			isa = XCBuildConfiguration;
			buildSettings = {
				ASSETCATALOG_COMPILER_APPICON_NAME = AppIcon;
				DEVELOPMENT_TEAM = Y7HR8N6AJ8;
				INFOPLIST_FILE = pace/Info.plist;
				LD_RUNPATH_SEARCH_PATHS = "$(inherited) @executable_path/Frameworks";
				PRODUCT_BUNDLE_IDENTIFIER = come.ruddfawcett.pace;
				PRODUCT_NAME = "$(TARGET_NAME)";
				SWIFT_VERSION = 3.0;
			};
			name = Debug;
		};
		F102AA011EE7617D00DEE1E8 /* Release */ = {
			isa = XCBuildConfiguration;
			buildSettings = {
				ASSETCATALOG_COMPILER_APPICON_NAME = AppIcon;
				DEVELOPMENT_TEAM = Y7HR8N6AJ8;
				INFOPLIST_FILE = pace/Info.plist;
				LD_RUNPATH_SEARCH_PATHS = "$(inherited) @executable_path/Frameworks";
				PRODUCT_BUNDLE_IDENTIFIER = come.ruddfawcett.pace;
				PRODUCT_NAME = "$(TARGET_NAME)";
				SWIFT_VERSION = 3.0;
			};
			name = Release;
		};
/* End XCBuildConfiguration section */

/* Begin XCConfigurationList section */
		F102A9E81EE7617D00DEE1E8 /* Build configuration list for PBXProject "pace" */ = {
			isa = XCConfigurationList;
			buildConfigurations = (
				F102A9FD1EE7617D00DEE1E8 /* Debug */,
				F102A9FE1EE7617D00DEE1E8 /* Release */,
			);
			defaultConfigurationIsVisible = 0;
			defaultConfigurationName = Release;
		};
		F102A9FF1EE7617D00DEE1E8 /* Build configuration list for PBXNativeTarget "pace" */ = {
			isa = XCConfigurationList;
			buildConfigurations = (
				F102AA001EE7617D00DEE1E8 /* Debug */,
				F102AA011EE7617D00DEE1E8 /* Release */,
			);
			defaultConfigurationIsVisible = 0;
		};
/* End XCConfigurationList section */
	};
	rootObject = F102A9E51EE7617D00DEE1E8 /* Project object */;
}
